
Microsoft Visual Studio Solution File, Format Version 12.00
# Visual Studio Version 16
VisualStudioVersion = 16.0.31129.286
MinimumVisualStudioVersion = 10.0.40219.1
Project("{9A19103F-16F7-4668-BE54-9A1E7A4F7556}") = "Snork.Model.Rdl2016", "Snork.Model.Rdl2016\Snork.Model.Rdl2016.csproj", "{79CF594F-1BD7-420D-AA56-E6B196E3C278}"
EndProject
Global
	GlobalSection(SolutionConfigurationPlatforms) = preSolution
		Debug|Any CPU = Debug|Any CPU
		Release|Any CPU = Release|Any CPU
	EndGlobalSection
	GlobalSection(ProjectConfigurationPlatforms) = postSolution
		{79CF594F-1BD7-420D-AA56-E6B196E3C278}.Debug|Any CPU.ActiveCfg = Debug|Any CPU
		{79CF594F-1BD7-420D-AA56-E6B196E3C278}.Debug|Any CPU.Build.0 = Debug|Any CPU
		{79CF594F-1BD7-420D-AA56-E6B196E3C278}.Release|Any CPU.ActiveCfg = Release|Any CPU
		{79CF594F-1BD7-420D-AA56-E6B196E3C278}.Release|Any CPU.Build.0 = Release|Any CPU
	EndGlobalSection
	GlobalSection(SolutionProperties) = preSolution
		HideSolutionNode = FALSE
	EndGlobalSection
	GlobalSection(ExtensibilityGlobals) = postSolution
		SolutionGuid = {0833BC72-73BE-4222-8300-8BC9DC890AEA}
	EndGlobalSection
EndGlobal
